
Microsoft Visual Studio Solution File, Format Version 12.00
# Visual Studio Version 17
VisualStudioVersion = 17.9.34728.123
MinimumVisualStudioVersion = 10.0.40219.1
Project("{9A19103F-16F7-4668-BE54-9A1E7A4F7556}") = "FastMapperReal", "FastMapper\FastMapperReal.csproj", "{538135AD-7F06-47DF-9909-2E18F37E4712}"
EndProject
Global
	GlobalSection(SolutionConfigurationPlatforms) = preSolution
		Debug|Any CPU = Debug|Any CPU
		Release|Any CPU = Release|Any CPU
	EndGlobalSection
	GlobalSection(ProjectConfigurationPlatforms) = postSolution
		{538135AD-7F06-47DF-9909-2E18F37E4712}.Debug|Any CPU.ActiveCfg = Debug|Any CPU
		{538135AD-7F06-47DF-9909-2E18F37E4712}.Debug|Any CPU.Build.0 = Debug|Any CPU
		{538135AD-7F06-47DF-9909-2E18F37E4712}.Release|Any CPU.ActiveCfg = Release|Any CPU
		{538135AD-7F06-47DF-9909-2E18F37E4712}.Release|Any CPU.Build.0 = Release|Any CPU
	EndGlobalSection
	GlobalSection(SolutionProperties) = preSolution
		HideSolutionNode = FALSE
	EndGlobalSection
	GlobalSection(ExtensibilityGlobals) = postSolution
		SolutionGuid = {34EFE0C1-66D4-402F-B02C-F95F7272F063}
	EndGlobalSection
EndGlobal
